github.com/Depado/bfchroma v1.2.0 h1:NyYPFVhWvq8S2ts6Ok4kwXVE3TEO5fof+9ZOKbBJQUo=
github.com/Depado/bfchroma v1.2.0/go.mod h1:U3RJUYwWVJrZRaJQyfS+wuxBApSTR/BC37PhAI+Ydps=
github.com/alecthomas/assert v0.0.0-20170929043011-405dbfeb8e38/go.mod h1:r7bzyVFMNntcxPZXK3/+KdruV1H5KSlyVY0gc+NgInI=
github.com/alecthomas/chroma v0.6.0/go.mod h1:MmozekIi2rfQSzDcdEZ2BoJ9Pxs/7uc2Y4Boh+hIeZo=
github.com/alecthomas/chroma v0.7.1 h1:G1i02OhUbRi2nJxcNkwJaY/J1gHXj9tt72qN6ZouLFQ=
github.com/alecthomas/chroma v0.7.1/go.mod h1:gHw09mkX1Qp80JlYbmN9L3+4R5o6DJJ3GRShh+AICNc=
github.com/alecthomas/colour v0.0.0-20160524082231-60882d9e2721/go.mod h1:QO9JBoKquHd+jz9nshCh40fOfO+JzsoXy8qTHF68zU0=
github.com/alecthomas/kong v0.2.1-0.20190708041108-0548c6b1afae/go.mod h1:+inYUSluD+p4L8KdviBSgzcqEjUQOfC5fQDRFuc36lI=
github.com/alecthomas/repr v0.0.0-20180818092828-117648cd9897/go.mod h1:xTS7Pm1pD1mvyM075QCDSRqH6qRLXylzS24ZTpRiSzQ=
github.com/alecthomas/repr v0.0.0-20181024024818-d37bc2a10ba1/go.mod h1:xTS7Pm1pD1mvyM075QCDSRqH6qRLXylzS24ZTpRiSzQ=
github.com/danwakefield/fnmatch v0.0.0-20160403171240-cbb64ac3d964 h1:y5HC9v93H5EPKqaS1UYVg1uYah5Xf51mBfIoWehClUQ=
github.com/danwakefield/fnmatch v0.0.0-20160403171240-cbb64ac3d964/go.mod h1:Xd9hchkHSWYkEqJwUGisez3G1QY8Ryz0sdWrLPMGjLk=
github.com/davecgh/go-spew v1.1.0/go.mod h1:J7Y8YcW2NihsgmVo/mv3lAwl/skON4iLHjSsI+c5H38=
github.com/davecgh/go-spew v1.1.1/go.mod h1:J7Y8YcW2NihsgmVo/mv3lAwl/skON4iLHjSsI+c5H38=
github.com/dlclark/regexp2 v1.1.6 h1:CqB4MjHw0MFCDj+PHHjiESmHX+N7t0tJzKvC6M97BRg=
github.com/dlclark/regexp2 v1.1.6/go.mod h1:2pZnwuY/m+8K6iRw6wQdMtk+rH5tNGR1i55kozfMjCc=
github.com/gopherjs/vecty v0.0.0-20191227222824-6a0a25ee5a96 h1:1Hlu3sp8c5cT5zGLoxHjHw07x0WsxA1t2nDulhO/EK8=
github.com/gopherjs/vecty v0.0.0-20191227222824-6a0a25ee5a96/go.mod h1:Yd9AOfl6lN1BWnVnvaSBwKiTCAcnlIGGvdsODOOZ9RY=
github.com/gowebapi/webapi v0.0.0-20190915091251-5bada52b9d13 h1:W5ScGKXDqHwyR7vSDJgk9XU8GdrP23A+n3cZMftLXog=
github.com/gowebapi/webapi v0.0.0-20190915091251-5bada52b9d13/go.mod h1:AhOjzuXDfiEYSC7AjptSpMEV3EdvgIwoQyxmOLFjVV4=
github.com/mattn/go-colorable v0.0.9/go.mod h1:9vuHe8Xs5qXnSaW/c/ABM9alt+Vo+STaOChaDxuIBZU=
github.com/mattn/go-isatty v0.0.4/go.mod h1:M+lRXTBqGeGNdLjl/ufCoiOlB5xdOkqRJdNxMWT7Zi4=
github.com/mitchellh/mapstructure v1.1.2/go.mod h1:FVVH3fgwuzCH5S8UJGiWEs2h04kUh9fWfEaFds41c1Y=
github.com/pkg/errors v0.8.1/go.mod h1:bwawxfHBFNV+L2hUp1rHADufV3IMtnDRdf1r5NINEl0=
github.com/pmezard/go-difflib v1.0.0/go.mod h1:iKH77koFhYxTK1pcRnkKkqfTogsbg7gZNVY4sRDYZ/4=
github.com/russross/blackfriday/v2 v2.0.1 h1:lPqVAte+HuHNfhJ/0LC98ESWRz8afy9tM/0RK8m9o+Q=
github.com/russross/blackfriday/v2 v2.0.1/go.mod h1:+Rmxgy9KzJVeS9/2gXHxylqXiyQDYRxCVz55jmeOWTM=
github.com/sergi/go-diff v1.0.0/go.mod h1:0CfEIISq7TuYL3j771MWULgwwjU+GofnZX9QAmXWZgo=
github.com/shurcooL/sanitized_anchor_name v1.0.0 h1:PdmoCO6wvbs+7yrJyMORt4/BmY5IYyJwS/kOiWx8mHo=
github.com/shurcooL/sanitized_anchor_name v1.0.0/go.mod h1:1NzhyTcUVG4SuEtjjoZeVRXNmyL/1OwPU0+IJeTBvfc=
github.com/stretchr/objx v0.1.0/go.mod h1:HFkY916IF+rwdDfMAkV7OtwuqBVzrE8GR6GFx+wExME=
github.com/stretchr/testify v1.2.2/go.mod h1:a8OnRcib4nhh0OaRAV+Yts87kKdq0PP7pXfy6kDkUVs=
github.com/stretchr/testify v1.3.0/go.mod h1:M5WIy9Dh21IEIfnGCwXGc5bZfKNJtfHm1UVUgZn+9EI=
github.com/vincent-petithory/dataurl v0.0.0-20191104211930-d1553a71de50 h1:uxE3GYdXIOfhMv3unJKETJEhw78gvzuQqRX/rVirc2A=
github.com/vincent-petithory/dataurl v0.0.0-20191104211930-d1553a71de50/go.mod h1:FHafX5vmDzyP+1CQATJn7WFKc9CvnvxyvZy6I1MrG/U=
golang.org/x/sys v0.0.0-20181107165924-66b7b1311ac8/go.mod h1:STP8DvDyc/dI5b8T5hshtkjS+E42TnysNCUPdjciGhY=
golang.org/x/sys v0.0.0-20181128092732-4ed8d59d0b35/go.mod h1:STP8DvDyc/dI5b8T5hshtkjS+E42TnysNCUPdjciGhY=
gopkg.in/russross/blackfriday.v2 v2.0.0 h1:+FlnIV8DSQnT7NZ43hcVKcdJdzZoeCmJj4Ql8gq5keA=
gopkg.in/russross/blackfriday.v2 v2.0.0/go.mod h1:6sSBNz/GtOm/pJTuh5UmBK2ZHfmnxGbl2NZg1UliSOI=
marwan.io/wasm-fetch v0.0.0-20200117235825-def420a50ee0 h1:HM+yn6RYJ3wUdfIzmByGNGDfj0QxTEPR+e8QU0dt7ZE=
marwan.io/wasm-fetch v0.0.0-20200117235825-def420a50ee0/go.mod h1:PlaZmevjPJGIy/BaqMtVjUKvrA8CgrDh+aomnuhmTO8=
