github.com/Depado/bfchroma v1.1.2 h1:kYP1mmZw7G4//kglQl/2xgu7Zd7u4psxTLTjQfBB5sw=
github.com/Depado/bfchroma v1.1.2/go.mod h1:e/OCIC6Kzzk0k0ICOXsLtatfsvC/dm/5fkkVboNfBFU=
github.com/alecthomas/assert v0.0.0-20170929043011-405dbfeb8e38 h1:smF2tmSOzy2Mm+0dGI2AIUHY+w0BUc+4tn40djz7+6U=
github.com/alecthomas/assert v0.0.0-20170929043011-405dbfeb8e38/go.mod h1:r7bzyVFMNntcxPZXK3/+KdruV1H5KSlyVY0gc+NgInI=
github.com/alecthomas/chroma v0.6.0/go.mod h1:MmozekIi2rfQSzDcdEZ2BoJ9Pxs/7uc2Y4Boh+hIeZo=
github.com/alecthomas/chroma v0.6.4 h1:Gn37/7W4a1qkmKLzfUpDy2rt3jt4X8CWycb4Gm7L360=
github.com/alecthomas/chroma v0.6.4/go.mod h1:SJ/Wi5RVz5y89yCXlK2fHyONHoVO49N8qGDj/ESVQlQ=
github.com/alecthomas/colour v0.0.0-20160524082231-60882d9e2721 h1:JHZL0hZKJ1VENNfmXvHbgYlbUOvpzYzvy2aZU5gXVeo=
github.com/alecthomas/colour v0.0.0-20160524082231-60882d9e2721/go.mod h1:QO9JBoKquHd+jz9nshCh40fOfO+JzsoXy8qTHF68zU0=
github.com/alecthomas/kong v0.1.15/go.mod h1:0m2VYms8rH0qbCqVB2gvGHk74bqLIq0HXjCs5bNbNQU=
github.com/alecthomas/repr v0.0.0-20180818092828-117648cd9897/go.mod h1:xTS7Pm1pD1mvyM075QCDSRqH6qRLXylzS24ZTpRiSzQ=
github.com/alecthomas/repr v0.0.0-20181024024818-d37bc2a10ba1 h1:GDQdwm/gAcJcLAKQQZGOJ4knlw+7rfEQQcmwTbt4p5E=
github.com/alecthomas/repr v0.0.0-20181024024818-d37bc2a10ba1/go.mod h1:xTS7Pm1pD1mvyM075QCDSRqH6qRLXylzS24ZTpRiSzQ=
github.com/conejoninja/tinyfont v0.0.0-20190816173146-2fcc0ad7858f h1:Pzd+mRPRA45fNRsN2nojOSLplALWd1+rlk19xF7MfMA=
github.com/conejoninja/tinyfont v0.0.0-20190816173146-2fcc0ad7858f/go.mod h1:Ee59XotuGqLsItAqq2lHT21B8mVZ2+aGvne2+zIuerg=
github.com/danwakefield/fnmatch v0.0.0-20160403171240-cbb64ac3d964 h1:y5HC9v93H5EPKqaS1UYVg1uYah5Xf51mBfIoWehClUQ=
github.com/danwakefield/fnmatch v0.0.0-20160403171240-cbb64ac3d964/go.mod h1:Xd9hchkHSWYkEqJwUGisez3G1QY8Ryz0sdWrLPMGjLk=
github.com/davecgh/go-spew v1.1.0/go.mod h1:J7Y8YcW2NihsgmVo/mv3lAwl/skON4iLHjSsI+c5H38=
github.com/davecgh/go-spew v1.1.1 h1:vj9j/u1bqnvCEfJOwUhtlOARqs3+rkHYY13jYWTU97c=
github.com/davecgh/go-spew v1.1.1/go.mod h1:J7Y8YcW2NihsgmVo/mv3lAwl/skON4iLHjSsI+c5H38=
github.com/dlclark/regexp2 v1.1.6 h1:CqB4MjHw0MFCDj+PHHjiESmHX+N7t0tJzKvC6M97BRg=
github.com/dlclark/regexp2 v1.1.6/go.mod h1:2pZnwuY/m+8K6iRw6wQdMtk+rH5tNGR1i55kozfMjCc=
github.com/gopherjs/gopherjs v0.0.0-20190430165422-3e4dfb77656c/go.mod h1:wJfORRmW1u3UXTncJ5qlYoELFm8eSnnEO6hX4iZ3EWY=
github.com/gopherjs/vecty v0.0.0-20190701174234-2b6fc20f8913 h1:h5R2K5Wqn5av3i4xHkyVgI2qCSbpJHAqqAkKpMPh0eE=
github.com/gopherjs/vecty v0.0.0-20190701174234-2b6fc20f8913/go.mod h1:Yd9AOfl6lN1BWnVnvaSBwKiTCAcnlIGGvdsODOOZ9RY=
github.com/gowebapi/webapi v0.0.0-20190711074835-2928b664209b h1:nA8jVwKBWCZaJBW9cLzE6d5fQjiEuHF985rFM+dnqlQ=
github.com/gowebapi/webapi v0.0.0-20190711074835-2928b664209b/go.mod h1:AhOjzuXDfiEYSC7AjptSpMEV3EdvgIwoQyxmOLFjVV4=
github.com/gowebapi/webapi v0.0.0-20190915091251-5bada52b9d13 h1:W5ScGKXDqHwyR7vSDJgk9XU8GdrP23A+n3cZMftLXog=
github.com/gowebapi/webapi v0.0.0-20190915091251-5bada52b9d13/go.mod h1:AhOjzuXDfiEYSC7AjptSpMEV3EdvgIwoQyxmOLFjVV4=
github.com/line/line-bot-sdk-go v7.0.0+incompatible h1:acE7tNPK6EoWcxBcoYzF4p+LGbjMw6M9drYi3am5XkA=
github.com/line/line-bot-sdk-go v7.0.0+incompatible/go.mod h1:0RjLjJEAU/3GIcHkC3av6O4jInAbt25nnZVmOFUgDBg=
github.com/mattn/go-colorable v0.0.9/go.mod h1:9vuHe8Xs5qXnSaW/c/ABM9alt+Vo+STaOChaDxuIBZU=
github.com/mattn/go-isatty v0.0.4/go.mod h1:M+lRXTBqGeGNdLjl/ufCoiOlB5xdOkqRJdNxMWT7Zi4=
github.com/mattn/go-isatty v0.0.8 h1:HLtExJ+uU2HOZ+wI0Tt5DtUDrx8yhUqDcp7fYERX4CE=
github.com/mattn/go-isatty v0.0.8/go.mod h1:Iq45c/XA43vh69/j3iqttzPXn0bhXyGjM0Hdxcsrc5s=
github.com/pmezard/go-difflib v1.0.0 h1:4DBwDE0NGyQoBHbLQYPwSUPoCMWR5BEzIk/f1lZbAQM=
github.com/pmezard/go-difflib v1.0.0/go.mod h1:iKH77koFhYxTK1pcRnkKkqfTogsbg7gZNVY4sRDYZ/4=
github.com/russross/blackfriday/v2 v2.0.1 h1:lPqVAte+HuHNfhJ/0LC98ESWRz8afy9tM/0RK8m9o+Q=
github.com/russross/blackfriday/v2 v2.0.1/go.mod h1:+Rmxgy9KzJVeS9/2gXHxylqXiyQDYRxCVz55jmeOWTM=
github.com/sergi/go-diff v1.0.0 h1:Kpca3qRNrduNnOQeazBd0ysaKrUJiIuISHxogkT9RPQ=
github.com/sergi/go-diff v1.0.0/go.mod h1:0CfEIISq7TuYL3j771MWULgwwjU+GofnZX9QAmXWZgo=
github.com/shurcooL/sanitized_anchor_name v1.0.0 h1:PdmoCO6wvbs+7yrJyMORt4/BmY5IYyJwS/kOiWx8mHo=
github.com/shurcooL/sanitized_anchor_name v1.0.0/go.mod h1:1NzhyTcUVG4SuEtjjoZeVRXNmyL/1OwPU0+IJeTBvfc=
github.com/stretchr/objx v0.1.0/go.mod h1:HFkY916IF+rwdDfMAkV7OtwuqBVzrE8GR6GFx+wExME=
github.com/stretchr/testify v1.2.2/go.mod h1:a8OnRcib4nhh0OaRAV+Yts87kKdq0PP7pXfy6kDkUVs=
github.com/stretchr/testify v1.3.0 h1:TivCn/peBQ7UY8ooIcPgZFpTNSz0Q2U6UrFlUfqbe0Q=
github.com/stretchr/testify v1.3.0/go.mod h1:M5WIy9Dh21IEIfnGCwXGc5bZfKNJtfHm1UVUgZn+9EI=
github.com/vincent-petithory/dataurl v0.0.0-20160330182126-9a301d65acbb h1:lyL3z7vYwTWXf4/bI+A01+cCSnfhKIBhy+SQ46Z/ml8=
github.com/vincent-petithory/dataurl v0.0.0-20160330182126-9a301d65acbb/go.mod h1:FHafX5vmDzyP+1CQATJn7WFKc9CvnvxyvZy6I1MrG/U=
golang.org/x/sys v0.0.0-20181107165924-66b7b1311ac8/go.mod h1:STP8DvDyc/dI5b8T5hshtkjS+E42TnysNCUPdjciGhY=
golang.org/x/sys v0.0.0-20181128092732-4ed8d59d0b35/go.mod h1:STP8DvDyc/dI5b8T5hshtkjS+E42TnysNCUPdjciGhY=
golang.org/x/sys v0.0.0-20190222072716-a9d3bda3a223/go.mod h1:STP8DvDyc/dI5b8T5hshtkjS+E42TnysNCUPdjciGhY=
golang.org/x/sys v0.0.0-20190712062909-fae7ac547cb7 h1:LepdCS8Gf/MVejFIt8lsiexZATdoGVyp5bcyS+rYoUI=
golang.org/x/sys v0.0.0-20190712062909-fae7ac547cb7/go.mod h1:h1NjWce9XRLGQEsW7wpKNCjG9DtNlClVuFLEZdDNbEs=
marwan.io/wasm-fetch v0.0.0-20190701140803-40ec60ab1603 h1:6YmXYx1AY63U/WXXDe1hccjnRgREHIF/LPxHi/cw/aY=
marwan.io/wasm-fetch v0.0.0-20190701140803-40ec60ab1603/go.mod h1:PlaZmevjPJGIy/BaqMtVjUKvrA8CgrDh+aomnuhmTO8=
tinygo.org/x/drivers v0.7.0 h1:cDKuRFnRWh9gve+L6mvl/jd8SXJ1NhdpPmwMvZukoLw=
tinygo.org/x/drivers v0.7.0/go.mod h1:+v9+EIQbz1pn/l6RmwnqdsOQdQ3eN2GGTTh6bJffra4=
